
Microsoft Visual Studio Solution File, Format Version 11.00
# Visual Studio 2010
Project("{FAE04EC0-301F-11D3-BF4B-00C04F79EFBC}") = "GameProgramming-master", "Assembly-CSharp.csproj", "{B0A82990-0104-FB1B-4F15-23DB6D6654FC}"
EndProject
Global
	GlobalSection(SolutionConfigurationPlatforms) = preSolution
		Debug|Any CPU = Debug|Any CPU
		Release|Any CPU = Release|Any CPU
	EndGlobalSection
	GlobalSection(ProjectConfigurationPlatforms) = postSolution
		{B0A82990-0104-FB1B-4F15-23DB6D6654FC}.Debug|Any CPU.ActiveCfg = Debug|Any CPU
		{B0A82990-0104-FB1B-4F15-23DB6D6654FC}.Debug|Any CPU.Build.0 = Debug|Any CPU
		{B0A82990-0104-FB1B-4F15-23DB6D6654FC}.Release|Any CPU.ActiveCfg = Release|Any CPU
		{B0A82990-0104-FB1B-4F15-23DB6D6654FC}.Release|Any CPU.Build.0 = Release|Any CPU
	EndGlobalSection
	GlobalSection(SolutionProperties) = preSolution
		HideSolutionNode = FALSE
	EndGlobalSection
	GlobalSection(MonoDevelopProperties) = preSolution
		StartupItem = Assembly-CSharp.csproj
	EndGlobalSection
EndGlobal
